
Microsoft Visual Studio Solution File, Format Version 11.00
# Visual Studio 2010
Project("{888888A0-9F3D-457C-B088-3A5042F75D52}") = "VigenereCipher", "VigenereCipher\VigenereCipher.pyproj", "{E74890E8-3C4D-47F2-B8BF-3B54924945DC}"
EndProject
Global
	GlobalSection(SolutionConfigurationPlatforms) = preSolution
		Debug|Any CPU = Debug|Any CPU
		Release|Any CPU = Release|Any CPU
	EndGlobalSection
	GlobalSection(ProjectConfigurationPlatforms) = postSolution
		{E74890E8-3C4D-47F2-B8BF-3B54924945DC}.Debug|Any CPU.ActiveCfg = Debug|Any CPU
		{E74890E8-3C4D-47F2-B8BF-3B54924945DC}.Release|Any CPU.ActiveCfg = Release|Any CPU
	EndGlobalSection
	GlobalSection(SolutionProperties) = preSolution
		HideSolutionNode = FALSE
	EndGlobalSection
EndGlobal
