
Microsoft Visual Studio Solution File, Format Version 11.00
# Visual Studio 2010
Project("{888888A0-9F3D-457C-B088-3A5042F75D52}") = "ContextFreeClock", "ContextFreeClock\ContextFreeClock.pyproj", "{193F4B3D-90A8-422C-80BB-E99F94AA92C7}"
EndProject
Global
	GlobalSection(SolutionConfigurationPlatforms) = preSolution
		Debug|Any CPU = Debug|Any CPU
		Release|Any CPU = Release|Any CPU
	EndGlobalSection
	GlobalSection(ProjectConfigurationPlatforms) = postSolution
		{193F4B3D-90A8-422C-80BB-E99F94AA92C7}.Debug|Any CPU.ActiveCfg = Debug|Any CPU
		{193F4B3D-90A8-422C-80BB-E99F94AA92C7}.Release|Any CPU.ActiveCfg = Release|Any CPU
	EndGlobalSection
	GlobalSection(SolutionProperties) = preSolution
		HideSolutionNode = FALSE
	EndGlobalSection
EndGlobal
