
Microsoft Visual Studio Solution File, Format Version 11.00
# Visual Studio 2010
Project("{888888A0-9F3D-457C-B088-3A5042F75D52}") = "RightHand", "RightHand\RightHand.pyproj", "{869C3530-FF99-4A06-81AD-9AAF9EC773DB}"
EndProject
Global
	GlobalSection(SolutionConfigurationPlatforms) = preSolution
		Debug|Any CPU = Debug|Any CPU
		Release|Any CPU = Release|Any CPU
	EndGlobalSection
	GlobalSection(ProjectConfigurationPlatforms) = postSolution
		{869C3530-FF99-4A06-81AD-9AAF9EC773DB}.Debug|Any CPU.ActiveCfg = Debug|Any CPU
		{869C3530-FF99-4A06-81AD-9AAF9EC773DB}.Release|Any CPU.ActiveCfg = Release|Any CPU
	EndGlobalSection
	GlobalSection(SolutionProperties) = preSolution
		HideSolutionNode = FALSE
	EndGlobalSection
EndGlobal
