
Microsoft Visual Studio Solution File, Format Version 11.00
# Visual Studio 2010
Project("{888888A0-9F3D-457C-B088-3A5042F75D52}") = "Sorting", "Sorting\Sorting.pyproj", "{3995D4AC-FB7B-463C-8445-1255870D3E4C}"
EndProject
Global
	GlobalSection(SolutionConfigurationPlatforms) = preSolution
		Debug|Any CPU = Debug|Any CPU
		Release|Any CPU = Release|Any CPU
	EndGlobalSection
	GlobalSection(ProjectConfigurationPlatforms) = postSolution
		{3995D4AC-FB7B-463C-8445-1255870D3E4C}.Debug|Any CPU.ActiveCfg = Debug|Any CPU
		{3995D4AC-FB7B-463C-8445-1255870D3E4C}.Release|Any CPU.ActiveCfg = Release|Any CPU
	EndGlobalSection
	GlobalSection(SolutionProperties) = preSolution
		HideSolutionNode = FALSE
	EndGlobalSection
EndGlobal
