
Microsoft Visual Studio Solution File, Format Version 11.00
# Visual Studio 2010
Project("{888888A0-9F3D-457C-B088-3A5042F75D52}") = "TestPython", "TestPython\TestPython.pyproj", "{476462BD-F1E0-4D8A-B12A-37087B086303}"
EndProject
Global
	GlobalSection(SolutionConfigurationPlatforms) = preSolution
		Debug|Any CPU = Debug|Any CPU
		Release|Any CPU = Release|Any CPU
	EndGlobalSection
	GlobalSection(ProjectConfigurationPlatforms) = postSolution
		{476462BD-F1E0-4D8A-B12A-37087B086303}.Debug|Any CPU.ActiveCfg = Debug|Any CPU
		{476462BD-F1E0-4D8A-B12A-37087B086303}.Release|Any CPU.ActiveCfg = Release|Any CPU
	EndGlobalSection
	GlobalSection(SolutionProperties) = preSolution
		HideSolutionNode = FALSE
	EndGlobalSection
EndGlobal
