
Microsoft Visual Studio Solution File, Format Version 11.00
# Visual Studio 2010
Project("{888888A0-9F3D-457C-B088-3A5042F75D52}") = "MapQuest", "MapQuest\MapQuest.pyproj", "{4AEB4A9D-C1A6-4D16-929D-84BC4F04874E}"
EndProject
Global
	GlobalSection(SolutionConfigurationPlatforms) = preSolution
		Debug|Any CPU = Debug|Any CPU
		Release|Any CPU = Release|Any CPU
	EndGlobalSection
	GlobalSection(ProjectConfigurationPlatforms) = postSolution
		{4AEB4A9D-C1A6-4D16-929D-84BC4F04874E}.Debug|Any CPU.ActiveCfg = Debug|Any CPU
		{4AEB4A9D-C1A6-4D16-929D-84BC4F04874E}.Release|Any CPU.ActiveCfg = Release|Any CPU
	EndGlobalSection
	GlobalSection(SolutionProperties) = preSolution
		HideSolutionNode = FALSE
	EndGlobalSection
EndGlobal
